// !$*UTF8*$!
{
	archiveVersion = 1;
	classes = {
	};
	objectVersion = 56;
	objects = {

/* Begin PBXBuildFile section */
		EFE682DB28ED894400883B42 /* Test_SwiftUI_LayoutFundamentals_LazyVHStackApp.swift in Sources */ = {isa = PBXBuildFile; fileRef = EFE682DA28ED894400883B42 /* Test_SwiftUI_LayoutFundamentals_LazyVHStackApp.swift */; };
		EFE682DD28ED894400883B42 /* ColorSelectionView.swift in Sources */ = {isa = PBXBuildFile; fileRef = EFE682DC28ED894400883B42 /* ColorSelectionView.swift */; };
		EFE682DF28ED894600883B42 /* Assets.xcassets in Resources */ = {isa = PBXBuildFile; fileRef = EFE682DE28ED894600883B42 /* Assets.xcassets */; };
		EFE682E228ED894600883B42 /* Preview Assets.xcassets in Resources */ = {isa = PBXBuildFile; fileRef = EFE682E128ED894600883B42 /* Preview Assets.xcassets */; };
		EFE682E928ED911000883B42 /* AnotherLazyVHStackView.swift in Sources */ = {isa = PBXBuildFile; fileRef = EFE682E828ED911000883B42 /* AnotherLazyVHStackView.swift */; };
/* End PBXBuildFile section */

/* Begin PBXFileReference section */
		EFE682D728ED894400883B42 /* Test_SwiftUI_LayoutFundamentals_LazyVHStack.app */ = {isa = PBXFileReference; explicitFileType = wrapper.application; includeInIndex = 0; path = Test_SwiftUI_LayoutFundamentals_LazyVHStack.app; sourceTree = BUILT_PRODUCTS_DIR; };
		EFE682DA28ED894400883B42 /* Test_SwiftUI_LayoutFundamentals_LazyVHStackApp.swift */ = {isa = PBXFileReference; lastKnownFileType = sourcecode.swift; path = Test_SwiftUI_LayoutFundamentals_LazyVHStackApp.swift; sourceTree = "<group>"; };
		EFE682DC28ED894400883B42 /* ColorSelectionView.swift */ = {isa = PBXFileReference; lastKnownFileType = sourcecode.swift; path = ColorSelectionView.swift; sourceTree = "<group>"; };
		EFE682DE28ED894600883B42 /* Assets.xcassets */ = {isa = PBXFileReference; lastKnownFileType = folder.assetcatalog; path = Assets.xcassets; sourceTree = "<group>"; };
		EFE682E128ED894600883B42 /* Preview Assets.xcassets */ = {isa = PBXFileReference; lastKnownFileType = folder.assetcatalog; path = "Preview Assets.xcassets"; sourceTree = "<group>"; };
		EFE682E828ED911000883B42 /* AnotherLazyVHStackView.swift */ = {isa = PBXFileReference; lastKnownFileType = sourcecode.swift; path = AnotherLazyVHStackView.swift; sourceTree = "<group>"; };
/* End PBXFileReference section */

/* Begin PBXFrameworksBuildPhase section */
		EFE682D428ED894400883B42 /* Frameworks */ = {
			isa = PBXFrameworksBuildPhase;
			buildActionMask = 2147483647;
			files = (
			);
			runOnlyForDeploymentPostprocessing = 0;
		};
/* End PBXFrameworksBuildPhase section */

/* Begin PBXGroup section */
		EFE682CE28ED894400883B42 = {
			isa = PBXGroup;
			children = (
				EFE682D928ED894400883B42 /* Test_SwiftUI_LayoutFundamentals_LazyVHStack */,
				EFE682D828ED894400883B42 /* Products */,
			);
			sourceTree = "<group>";
		};
		EFE682D828ED894400883B42 /* Products */ = {
			isa = PBXGroup;
			children = (
				EFE682D728ED894400883B42 /* Test_SwiftUI_LayoutFundamentals_LazyVHStack.app */,
			);
			name = Products;
			sourceTree = "<group>";
		};
		EFE682D928ED894400883B42 /* Test_SwiftUI_LayoutFundamentals_LazyVHStack */ = {
			isa = PBXGroup;
			children = (
				EFE682DA28ED894400883B42 /* Test_SwiftUI_LayoutFundamentals_LazyVHStackApp.swift */,
				EFE682DC28ED894400883B42 /* ColorSelectionView.swift */,
				EFE682E828ED911000883B42 /* AnotherLazyVHStackView.swift */,
				EFE682DE28ED894600883B42 /* Assets.xcassets */,
				EFE682E028ED894600883B42 /* Preview Content */,
			);
			path = Test_SwiftUI_LayoutFundamentals_LazyVHStack;
			sourceTree = "<group>";
		};
		EFE682E028ED894600883B42 /* Preview Content */ = {
			isa = PBXGroup;
			children = (
				EFE682E128ED894600883B42 /* Preview Assets.xcassets */,
			);
			path = "Preview Content";
			sourceTree = "<group>";
		};
/* End PBXGroup section */

/* Begin PBXNativeTarget section */
		EFE682D628ED894400883B42 /* Test_SwiftUI_LayoutFundamentals_LazyVHStack */ = {
			isa = PBXNativeTarget;
			buildConfigurationList = EFE682E528ED894600883B42 /* Build configuration list for PBXNativeTarget "Test_SwiftUI_LayoutFundamentals_LazyVHStack" */;
			buildPhases = (
				EFE682D328ED894400883B42 /* Sources */,
				EFE682D428ED894400883B42 /* Frameworks */,
				EFE682D528ED894400883B42 /* Resources */,
			);
			buildRules = (
			);
			dependencies = (
			);
			name = Test_SwiftUI_LayoutFundamentals_LazyVHStack;
			productName = Test_SwiftUI_LayoutFundamentals_LazyVHStack;
			productReference = EFE682D728ED894400883B42 /* Test_SwiftUI_LayoutFundamentals_LazyVHStack.app */;
			productType = "com.apple.product-type.application";
		};
/* End PBXNativeTarget section */

/* Begin PBXProject section */
		EFE682CF28ED894400883B42 /* Project object */ = {
			isa = PBXProject;
			attributes = {
				BuildIndependentTargetsInParallel = 1;
				LastSwiftUpdateCheck = 1400;
				LastUpgradeCheck = 1400;
				TargetAttributes = {
					EFE682D628ED894400883B42 = {
						CreatedOnToolsVersion = 14.0.1;
					};
				};
			};
			buildConfigurationList = EFE682D228ED894400883B42 /* Build configuration list for PBXProject "Test_SwiftUI_LayoutFundamentals_LazyVHStack" */;
			compatibilityVersion = "Xcode 14.0";
			developmentRegion = en;
			hasScannedForEncodings = 0;
			knownRegions = (
				en,
				Base,
			);
			mainGroup = EFE682CE28ED894400883B42;
			productRefGroup = EFE682D828ED894400883B42 /* Products */;
			projectDirPath = "";
			projectRoot = "";
			targets = (
				EFE682D628ED894400883B42 /* Test_SwiftUI_LayoutFundamentals_LazyVHStack */,
			);
		};
/* End PBXProject section */

/* Begin PBXResourcesBuildPhase section */
		EFE682D528ED894400883B42 /* Resources */ = {
			isa = PBXResourcesBuildPhase;
			buildActionMask = 2147483647;
			files = (
				EFE682E228ED894600883B42 /* Preview Assets.xcassets in Resources */,
				EFE682DF28ED894600883B42 /* Assets.xcassets in Resources */,
			);
			runOnlyForDeploymentPostprocessing = 0;
		};
/* End PBXResourcesBuildPhase section */

/* Begin PBXSourcesBuildPhase section */
		EFE682D328ED894400883B42 /* Sources */ = {
			isa = PBXSourcesBuildPhase;
			buildActionMask = 2147483647;
			files = (
				EFE682DD28ED894400883B42 /* ColorSelectionView.swift in Sources */,
				EFE682E928ED911000883B42 /* AnotherLazyVHStackView.swift in Sources */,
				EFE682DB28ED894400883B42 /* Test_SwiftUI_LayoutFundamentals_LazyVHStackApp.swift in Sources */,
			);
			runOnlyForDeploymentPostprocessing = 0;
		};
/* End PBXSourcesBuildPhase section */

/* Begin XCBuildConfiguration section */
		EFE682E328ED894600883B42 /* Debug */ = {
			isa = XCBuildConfiguration;
			buildSettings = {
				ALWAYS_SEARCH_USER_PATHS = NO;
				CLANG_ANALYZER_NONNULL = YES;
				CLANG_ANALYZER_NUMBER_OBJECT_CONVERSION = YES_AGGRESSIVE;
				CLANG_CXX_LANGUAGE_STANDARD = "gnu++20";
				CLANG_ENABLE_MODULES = YES;
				CLANG_ENABLE_OBJC_ARC = YES;
				CLANG_ENABLE_OBJC_WEAK = YES;
				CLANG_WARN_BLOCK_CAPTURE_AUTORELEASING = YES;
				CLANG_WARN_BOOL_CONVERSION = YES;
				CLANG_WARN_COMMA = YES;
				CLANG_WARN_CONSTANT_CONVERSION = YES;
				CLANG_WARN_DEPRECATED_OBJC_IMPLEMENTATIONS = YES;
				CLANG_WARN_DIRECT_OBJC_ISA_USAGE = YES_ERROR;
				CLANG_WARN_DOCUMENTATION_COMMENTS = YES;
				CLANG_WARN_EMPTY_BODY = YES;
				CLANG_WARN_ENUM_CONVERSION = YES;
				CLANG_WARN_INFINITE_RECURSION = YES;
				CLANG_WARN_INT_CONVERSION = YES;
				CLANG_WARN_NON_LITERAL_NULL_CONVERSION = YES;
				CLANG_WARN_OBJC_IMPLICIT_RETAIN_SELF = YES;
				CLANG_WARN_OBJC_LITERAL_CONVERSION = YES;
				CLANG_WARN_OBJC_ROOT_CLASS = YES_ERROR;
				CLANG_WARN_QUOTED_INCLUDE_IN_FRAMEWORK_HEADER = YES;
				CLANG_WARN_RANGE_LOOP_ANALYSIS = YES;
				CLANG_WARN_STRICT_PROTOTYPES = YES;
				CLANG_WARN_SUSPICIOUS_MOVE = YES;
				CLANG_WARN_UNGUARDED_AVAILABILITY = YES_AGGRESSIVE;
				CLANG_WARN_UNREACHABLE_CODE = YES;
				CLANG_WARN__DUPLICATE_METHOD_MATCH = YES;
				COPY_PHASE_STRIP = NO;
				DEBUG_INFORMATION_FORMAT = dwarf;
				ENABLE_STRICT_OBJC_MSGSEND = YES;
				ENABLE_TESTABILITY = YES;
				GCC_C_LANGUAGE_STANDARD = gnu11;
				GCC_DYNAMIC_NO_PIC = NO;
				GCC_NO_COMMON_BLOCKS = YES;
				GCC_OPTIMIZATION_LEVEL = 0;
				GCC_PREPROCESSOR_DEFINITIONS = (
					"DEBUG=1",
					"$(inherited)",
				);
				GCC_WARN_64_TO_32_BIT_CONVERSION = YES;
				GCC_WARN_ABOUT_RETURN_TYPE = YES_ERROR;
				GCC_WARN_UNDECLARED_SELECTOR = YES;
				GCC_WARN_UNINITIALIZED_AUTOS = YES_AGGRESSIVE;
				GCC_WARN_UNUSED_FUNCTION = YES;
				GCC_WARN_UNUSED_VARIABLE = YES;
				IPHONEOS_DEPLOYMENT_TARGET = 16.0;
				MTL_ENABLE_DEBUG_INFO = INCLUDE_SOURCE;
				MTL_FAST_MATH = YES;
				ONLY_ACTIVE_ARCH = YES;
				SDKROOT = iphoneos;
				SWIFT_ACTIVE_COMPILATION_CONDITIONS = DEBUG;
				SWIFT_OPTIMIZATION_LEVEL = "-Onone";
			};
			name = Debug;
		};
		EFE682E428ED894600883B42 /* Release */ = {
			isa = XCBuildConfiguration;
			buildSettings = {
				ALWAYS_SEARCH_USER_PATHS = NO;
				CLANG_ANALYZER_NONNULL = YES;
				CLANG_ANALYZER_NUMBER_OBJECT_CONVERSION = YES_AGGRESSIVE;
				CLANG_CXX_LANGUAGE_STANDARD = "gnu++20";
				CLANG_ENABLE_MODULES = YES;
				CLANG_ENABLE_OBJC_ARC = YES;
				CLANG_ENABLE_OBJC_WEAK = YES;
				CLANG_WARN_BLOCK_CAPTURE_AUTORELEASING = YES;
				CLANG_WARN_BOOL_CONVERSION = YES;
				CLANG_WARN_COMMA = YES;
				CLANG_WARN_CONSTANT_CONVERSION = YES;
				CLANG_WARN_DEPRECATED_OBJC_IMPLEMENTATIONS = YES;
				CLANG_WARN_DIRECT_OBJC_ISA_USAGE = YES_ERROR;
				CLANG_WARN_DOCUMENTATION_COMMENTS = YES;
				CLANG_WARN_EMPTY_BODY = YES;
				CLANG_WARN_ENUM_CONVERSION = YES;
				CLANG_WARN_INFINITE_RECURSION = YES;
				CLANG_WARN_INT_CONVERSION = YES;
				CLANG_WARN_NON_LITERAL_NULL_CONVERSION = YES;
				CLANG_WARN_OBJC_IMPLICIT_RETAIN_SELF = YES;
				CLANG_WARN_OBJC_LITERAL_CONVERSION = YES;
				CLANG_WARN_OBJC_ROOT_CLASS = YES_ERROR;
				CLANG_WARN_QUOTED_INCLUDE_IN_FRAMEWORK_HEADER = YES;
				CLANG_WARN_RANGE_LOOP_ANALYSIS = YES;
				CLANG_WARN_STRICT_PROTOTYPES = YES;
				CLANG_WARN_SUSPICIOUS_MOVE = YES;
				CLANG_WARN_UNGUARDED_AVAILABILITY = YES_AGGRESSIVE;
				CLANG_WARN_UNREACHABLE_CODE = YES;
				CLANG_WARN__DUPLICATE_METHOD_MATCH = YES;
				COPY_PHASE_STRIP = NO;
				DEBUG_INFORMATION_FORMAT = "dwarf-with-dsym";
				ENABLE_NS_ASSERTIONS = NO;
				ENABLE_STRICT_OBJC_MSGSEND = YES;
				GCC_C_LANGUAGE_STANDARD = gnu11;
				GCC_NO_COMMON_BLOCKS = YES;
				GCC_WARN_64_TO_32_BIT_CONVERSION = YES;
				GCC_WARN_ABOUT_RETURN_TYPE = YES_ERROR;
				GCC_WARN_UNDECLARED_SELECTOR = YES;
				GCC_WARN_UNINITIALIZED_AUTOS = YES_AGGRESSIVE;
				GCC_WARN_UNUSED_FUNCTION = YES;
				GCC_WARN_UNUSED_VARIABLE = YES;
				IPHONEOS_DEPLOYMENT_TARGET = 16.0;
				MTL_ENABLE_DEBUG_INFO = NO;
				MTL_FAST_MATH = YES;
				SDKROOT = iphoneos;
				SWIFT_COMPILATION_MODE = wholemodule;
				SWIFT_OPTIMIZATION_LEVEL = "-O";
				VALIDATE_PRODUCT = YES;
			};
			name = Release;
		};
		EFE682E628ED894600883B42 /* Debug */ = {
			isa = XCBuildConfiguration;
			buildSettings = {
				ASSETCATALOG_COMPILER_APPICON_NAME = AppIcon;
				ASSETCATALOG_COMPILER_GLOBAL_ACCENT_COLOR_NAME = AccentColor;
				CODE_SIGN_STYLE = Automatic;
				CURRENT_PROJECT_VERSION = 1;
				DEVELOPMENT_ASSET_PATHS = "\"Test_SwiftUI_LayoutFundamentals_LazyVHStack/Preview Content\"";
				DEVELOPMENT_TEAM = 327VRPC969;
				ENABLE_PREVIEWS = YES;
				GENERATE_INFOPLIST_FILE = YES;
				INFOPLIST_KEY_UIApplicationSceneManifest_Generation = YES;
				INFOPLIST_KEY_UIApplicationSupportsIndirectInputEvents = YES;
				INFOPLIST_KEY_UILaunchScreen_Generation = YES;
				INFOPLIST_KEY_UISupportedInterfaceOrientations_iPad = "UIInterfaceOrientationPortrait UIInterfaceOrientationPortraitUpsideDown UIInterfaceOrientationLandscapeLeft UIInterfaceOrientationLandscapeRight";
				INFOPLIST_KEY_UISupportedInterfaceOrientations_iPhone = "UIInterfaceOrientationPortrait UIInterfaceOrientationLandscapeLeft UIInterfaceOrientationLandscapeRight";
				LD_RUNPATH_SEARCH_PATHS = (
					"$(inherited)",
					"@executable_path/Frameworks",
				);
				MARKETING_VERSION = 1.0;
				PRODUCT_BUNDLE_IDENTIFIER = "JT.Test-SwiftUI-LayoutFundamentals-LazyVHStack";
				PRODUCT_NAME = "$(TARGET_NAME)";
				SWIFT_EMIT_LOC_STRINGS = YES;
				SWIFT_VERSION = 5.0;
				TARGETED_DEVICE_FAMILY = "1,2";
			};
			name = Debug;
		};
		EFE682E728ED894600883B42 /* Release */ = {
			isa = XCBuildConfiguration;
			buildSettings = {
				ASSETCATALOG_COMPILER_APPICON_NAME = AppIcon;
				ASSETCATALOG_COMPILER_GLOBAL_ACCENT_COLOR_NAME = AccentColor;
				CODE_SIGN_STYLE = Automatic;
				CURRENT_PROJECT_VERSION = 1;
				DEVELOPMENT_ASSET_PATHS = "\"Test_SwiftUI_LayoutFundamentals_LazyVHStack/Preview Content\"";
				DEVELOPMENT_TEAM = 327VRPC969;
				ENABLE_PREVIEWS = YES;
				GENERATE_INFOPLIST_FILE = YES;
				INFOPLIST_KEY_UIApplicationSceneManifest_Generation = YES;
				INFOPLIST_KEY_UIApplicationSupportsIndirectInputEvents = YES;
				INFOPLIST_KEY_UILaunchScreen_Generation = YES;
				INFOPLIST_KEY_UISupportedInterfaceOrientations_iPad = "UIInterfaceOrientationPortrait UIInterfaceOrientationPortraitUpsideDown UIInterfaceOrientationLandscapeLeft UIInterfaceOrientationLandscapeRight";
				INFOPLIST_KEY_UISupportedInterfaceOrientations_iPhone = "UIInterfaceOrientationPortrait UIInterfaceOrientationLandscapeLeft UIInterfaceOrientationLandscapeRight";
				LD_RUNPATH_SEARCH_PATHS = (
					"$(inherited)",
					"@executable_path/Frameworks",
				);
				MARKETING_VERSION = 1.0;
				PRODUCT_BUNDLE_IDENTIFIER = "JT.Test-SwiftUI-LayoutFundamentals-LazyVHStack";
				PRODUCT_NAME = "$(TARGET_NAME)";
				SWIFT_EMIT_LOC_STRINGS = YES;
				SWIFT_VERSION = 5.0;
				TARGETED_DEVICE_FAMILY = "1,2";
			};
			name = Release;
		};
/* End XCBuildConfiguration section */

/* Begin XCConfigurationList section */
		EFE682D228ED894400883B42 /* Build configuration list for PBXProject "Test_SwiftUI_LayoutFundamentals_LazyVHStack" */ = {
			isa = XCConfigurationList;
			buildConfigurations = (
				EFE682E328ED894600883B42 /* Debug */,
				EFE682E428ED894600883B42 /* Release */,
			);
			defaultConfigurationIsVisible = 0;
			defaultConfigurationName = Release;
		};
		EFE682E528ED894600883B42 /* Build configuration list for PBXNativeTarget "Test_SwiftUI_LayoutFundamentals_LazyVHStack" */ = {
			isa = XCConfigurationList;
			buildConfigurations = (
				EFE682E628ED894600883B42 /* Debug */,
				EFE682E728ED894600883B42 /* Release */,
			);
			defaultConfigurationIsVisible = 0;
			defaultConfigurationName = Release;
		};
/* End XCConfigurationList section */
	};
	rootObject = EFE682CF28ED894400883B42 /* Project object */;
}
